
Microsoft Visual Studio Solution File, Format Version 12.00
Project("{FAE04EC0-301F-11D3-BF4B-00C04F79EFBC}") = "KapuctaServer", "KapuctaServer\KapuctaServer.csproj", "{17CE759B-FF0E-4988-AC73-FE7A4A92BD44}"
EndProject
Global
	GlobalSection(SolutionConfigurationPlatforms) = preSolution
		Debug|Any CPU = Debug|Any CPU
		Release|Any CPU = Release|Any CPU
	EndGlobalSection
	GlobalSection(ProjectConfigurationPlatforms) = postSolution
		{17CE759B-FF0E-4988-AC73-FE7A4A92BD44}.Debug|Any CPU.ActiveCfg = Debug|Any CPU
		{17CE759B-FF0E-4988-AC73-FE7A4A92BD44}.Debug|Any CPU.Build.0 = Debug|Any CPU
		{17CE759B-FF0E-4988-AC73-FE7A4A92BD44}.Release|Any CPU.ActiveCfg = Release|Any CPU
		{17CE759B-FF0E-4988-AC73-FE7A4A92BD44}.Release|Any CPU.Build.0 = Release|Any CPU
	EndGlobalSection
EndGlobal
